// !$*UTF8*$!
{
	archiveVersion = 1;
	classes = {
	};
	objectVersion = 46;
	objects = {

/* Begin PBXBuildFile section */
		6C04A3501D4935FD00BA0AD1 /* AppDelegate.swift in Sources */ = {isa = PBXBuildFile; fileRef = 6C04A34F1D4935FD00BA0AD1 /* AppDelegate.swift */; };
		6C04A3521D4935FD00BA0AD1 /* ViewController.swift in Sources */ = {isa = PBXBuildFile; fileRef = 6C04A3511D4935FD00BA0AD1 /* ViewController.swift */; };
		6C04A3551D4935FD00BA0AD1 /* Main.storyboard in Resources */ = {isa = PBXBuildFile; fileRef = 6C04A3531D4935FD00BA0AD1 /* Main.storyboard */; };
		6C04A3571D4935FD00BA0AD1 /* Assets.xcassets in Resources */ = {isa = PBXBuildFile; fileRef = 6C04A3561D4935FD00BA0AD1 /* Assets.xcassets */; };
		6C04A35A1D4935FD00BA0AD1 /* LaunchScreen.storyboard in Resources */ = {isa = PBXBuildFile; fileRef = 6C04A3581D4935FD00BA0AD1 /* LaunchScreen.storyboard */; };
		6C04A3651D4935FD00BA0AD1 /* COS_ExampleTests.swift in Sources */ = {isa = PBXBuildFile; fileRef = 6C04A3641D4935FD00BA0AD1 /* COS_ExampleTests.swift */; };
		6C04A3701D4935FD00BA0AD1 /* COS_ExampleUITests.swift in Sources */ = {isa = PBXBuildFile; fileRef = 6C04A36F1D4935FD00BA0AD1 /* COS_ExampleUITests.swift */; };
		6CC4478C1E0FFCB80035F03F /* ChainHandler.swift in Sources */ = {isa = PBXBuildFile; fileRef = 6CC4478B1E0FFCB80035F03F /* ChainHandler.swift */; };
		6CC4478E1E0FFCF30035F03F /* ChainProtocols.swift in Sources */ = {isa = PBXBuildFile; fileRef = 6CC4478D1E0FFCF30035F03F /* ChainProtocols.swift */; };
		6CC447901E0FFD050035F03F /* HandlerType.swift in Sources */ = {isa = PBXBuildFile; fileRef = 6CC4478F1E0FFD050035F03F /* HandlerType.swift */; };
		6CC447931E0FFD710035F03F /* ObjectHandler.swift in Sources */ = {isa = PBXBuildFile; fileRef = 6CC447921E0FFD710035F03F /* ObjectHandler.swift */; };
		6CC447951E0FFDAC0035F03F /* HandlerObjectTwo.swift in Sources */ = {isa = PBXBuildFile; fileRef = 6CC447941E0FFDAC0035F03F /* HandlerObjectTwo.swift */; };
/* End PBXBuildFile section */

/* Begin PBXContainerItemProxy section */
		6C04A3611D4935FD00BA0AD1 /* PBXContainerItemProxy */ = {
			isa = PBXContainerItemProxy;
			containerPortal = 6C04A3441D4935FD00BA0AD1 /* Project object */;
			proxyType = 1;
			remoteGlobalIDString = 6C04A34B1D4935FD00BA0AD1;
			remoteInfo = COS_Example;
		};
		6C04A36C1D4935FD00BA0AD1 /* PBXContainerItemProxy */ = {
			isa = PBXContainerItemProxy;
			containerPortal = 6C04A3441D4935FD00BA0AD1 /* Project object */;
			proxyType = 1;
			remoteGlobalIDString = 6C04A34B1D4935FD00BA0AD1;
			remoteInfo = COS_Example;
		};
/* End PBXContainerItemProxy section */

/* Begin PBXFileReference section */
		6C04A34C1D4935FD00BA0AD1 /* COR_Swift_Example.app */ = {isa = PBXFileReference; explicitFileType = wrapper.application; includeInIndex = 0; path = COR_Swift_Example.app; sourceTree = BUILT_PRODUCTS_DIR; };
		6C04A34F1D4935FD00BA0AD1 /* AppDelegate.swift */ = {isa = PBXFileReference; lastKnownFileType = sourcecode.swift; path = AppDelegate.swift; sourceTree = "<group>"; };
		6C04A3511D4935FD00BA0AD1 /* ViewController.swift */ = {isa = PBXFileReference; lastKnownFileType = sourcecode.swift; path = ViewController.swift; sourceTree = "<group>"; };
		6C04A3541D4935FD00BA0AD1 /* Base */ = {isa = PBXFileReference; lastKnownFileType = file.storyboard; name = Base; path = Base.lproj/Main.storyboard; sourceTree = "<group>"; };
		6C04A3561D4935FD00BA0AD1 /* Assets.xcassets */ = {isa = PBXFileReference; lastKnownFileType = folder.assetcatalog; path = Assets.xcassets; sourceTree = "<group>"; };
		6C04A3591D4935FD00BA0AD1 /* Base */ = {isa = PBXFileReference; lastKnownFileType = file.storyboard; name = Base; path = Base.lproj/LaunchScreen.storyboard; sourceTree = "<group>"; };
		6C04A35B1D4935FD00BA0AD1 /* Info.plist */ = {isa = PBXFileReference; lastKnownFileType = text.plist.xml; path = Info.plist; sourceTree = "<group>"; };
		6C04A3601D4935FD00BA0AD1 /* COR_Swift_ExampleTests.xctest */ = {isa = PBXFileReference; explicitFileType = wrapper.cfbundle; includeInIndex = 0; path = COR_Swift_ExampleTests.xctest; sourceTree = BUILT_PRODUCTS_DIR; };
		6C04A3641D4935FD00BA0AD1 /* COS_ExampleTests.swift */ = {isa = PBXFileReference; lastKnownFileType = sourcecode.swift; path = COS_ExampleTests.swift; sourceTree = "<group>"; };
		6C04A3661D4935FD00BA0AD1 /* Info.plist */ = {isa = PBXFileReference; lastKnownFileType = text.plist.xml; path = Info.plist; sourceTree = "<group>"; };
		6C04A36B1D4935FD00BA0AD1 /* COR_Swift_ExampleUITests.xctest */ = {isa = PBXFileReference; explicitFileType = wrapper.cfbundle; includeInIndex = 0; path = COR_Swift_ExampleUITests.xctest; sourceTree = BUILT_PRODUCTS_DIR; };
		6C04A36F1D4935FD00BA0AD1 /* COS_ExampleUITests.swift */ = {isa = PBXFileReference; lastKnownFileType = sourcecode.swift; path = COS_ExampleUITests.swift; sourceTree = "<group>"; };
		6C04A3711D4935FD00BA0AD1 /* Info.plist */ = {isa = PBXFileReference; lastKnownFileType = text.plist.xml; path = Info.plist; sourceTree = "<group>"; };
		6CC4478B1E0FFCB80035F03F /* ChainHandler.swift */ = {isa = PBXFileReference; fileEncoding = 4; lastKnownFileType = sourcecode.swift; path = ChainHandler.swift; sourceTree = "<group>"; };
		6CC4478D1E0FFCF30035F03F /* ChainProtocols.swift */ = {isa = PBXFileReference; fileEncoding = 4; lastKnownFileType = sourcecode.swift; path = ChainProtocols.swift; sourceTree = "<group>"; };
		6CC4478F1E0FFD050035F03F /* HandlerType.swift */ = {isa = PBXFileReference; fileEncoding = 4; lastKnownFileType = sourcecode.swift; path = HandlerType.swift; sourceTree = "<group>"; };
		6CC447921E0FFD710035F03F /* ObjectHandler.swift */ = {isa = PBXFileReference; fileEncoding = 4; lastKnownFileType = sourcecode.swift; path = ObjectHandler.swift; sourceTree = "<group>"; };
		6CC447941E0FFDAC0035F03F /* HandlerObjectTwo.swift */ = {isa = PBXFileReference; fileEncoding = 4; lastKnownFileType = sourcecode.swift; path = HandlerObjectTwo.swift; sourceTree = "<group>"; };
/* End PBXFileReference section */

/* Begin PBXFrameworksBuildPhase section */
		6C04A3491D4935FD00BA0AD1 /* Frameworks */ = {
			isa = PBXFrameworksBuildPhase;
			buildActionMask = 2147483647;
			files = (
			);
			runOnlyForDeploymentPostprocessing = 0;
		};
		6C04A35D1D4935FD00BA0AD1 /* Frameworks */ = {
			isa = PBXFrameworksBuildPhase;
			buildActionMask = 2147483647;
			files = (
			);
			runOnlyForDeploymentPostprocessing = 0;
		};
		6C04A3681D4935FD00BA0AD1 /* Frameworks */ = {
			isa = PBXFrameworksBuildPhase;
			buildActionMask = 2147483647;
			files = (
			);
			runOnlyForDeploymentPostprocessing = 0;
		};
/* End PBXFrameworksBuildPhase section */

/* Begin PBXGroup section */
		6C04A3431D4935FD00BA0AD1 = {
			isa = PBXGroup;
			children = (
				6C04A34E1D4935FD00BA0AD1 /* COR_Example */,
				6C04A3631D4935FD00BA0AD1 /* COR_ExampleTests */,
				6C04A36E1D4935FD00BA0AD1 /* COR_ExampleUITests */,
				6C04A34D1D4935FD00BA0AD1 /* Products */,
			);
			sourceTree = "<group>";
		};
		6C04A34D1D4935FD00BA0AD1 /* Products */ = {
			isa = PBXGroup;
			children = (
				6C04A34C1D4935FD00BA0AD1 /* COR_Swift_Example.app */,
				6C04A3601D4935FD00BA0AD1 /* COR_Swift_ExampleTests.xctest */,
				6C04A36B1D4935FD00BA0AD1 /* COR_Swift_ExampleUITests.xctest */,
			);
			name = Products;
			sourceTree = "<group>";
		};
		6C04A34E1D4935FD00BA0AD1 /* COR_Example */ = {
			isa = PBXGroup;
			children = (
				6C04A34F1D4935FD00BA0AD1 /* AppDelegate.swift */,
				6CC4478A1E0FFC850035F03F /* Chain */,
				6CC447911E0FFD5C0035F03F /* Example */,
				6C04A3511D4935FD00BA0AD1 /* ViewController.swift */,
				6C04A3531D4935FD00BA0AD1 /* Main.storyboard */,
				6C04A3561D4935FD00BA0AD1 /* Assets.xcassets */,
				6C04A3581D4935FD00BA0AD1 /* LaunchScreen.storyboard */,
				6C04A35B1D4935FD00BA0AD1 /* Info.plist */,
			);
			name = COR_Example;
			path = COS_Example;
			sourceTree = "<group>";
		};
		6C04A3631D4935FD00BA0AD1 /* COR_ExampleTests */ = {
			isa = PBXGroup;
			children = (
				6C04A3641D4935FD00BA0AD1 /* COS_ExampleTests.swift */,
				6C04A3661D4935FD00BA0AD1 /* Info.plist */,
			);
			name = COR_ExampleTests;
			path = COS_ExampleTests;
			sourceTree = "<group>";
		};
		6C04A36E1D4935FD00BA0AD1 /* COR_ExampleUITests */ = {
			isa = PBXGroup;
			children = (
				6C04A36F1D4935FD00BA0AD1 /* COS_ExampleUITests.swift */,
				6C04A3711D4935FD00BA0AD1 /* Info.plist */,
			);
			name = COR_ExampleUITests;
			path = COS_ExampleUITests;
			sourceTree = "<group>";
		};
		6CC4478A1E0FFC850035F03F /* Chain */ = {
			isa = PBXGroup;
			children = (
				6CC4478D1E0FFCF30035F03F /* ChainProtocols.swift */,
				6CC4478F1E0FFD050035F03F /* HandlerType.swift */,
			);
			name = Chain;
			sourceTree = "<group>";
		};
		6CC447911E0FFD5C0035F03F /* Example */ = {
			isa = PBXGroup;
			children = (
				6CC4478B1E0FFCB80035F03F /* ChainHandler.swift */,
				6CC447921E0FFD710035F03F /* ObjectHandler.swift */,
				6CC447941E0FFDAC0035F03F /* HandlerObjectTwo.swift */,
			);
			name = Example;
			sourceTree = "<group>";
		};
/* End PBXGroup section */

/* Begin PBXNativeTarget section */
		6C04A34B1D4935FD00BA0AD1 /* COR_Swift_Example */ = {
			isa = PBXNativeTarget;
			buildConfigurationList = 6C04A3741D4935FD00BA0AD1 /* Build configuration list for PBXNativeTarget "COR_Swift_Example" */;
			buildPhases = (
				6C04A3481D4935FD00BA0AD1 /* Sources */,
				6C04A3491D4935FD00BA0AD1 /* Frameworks */,
				6C04A34A1D4935FD00BA0AD1 /* Resources */,
			);
			buildRules = (
			);
			dependencies = (
			);
			name = COR_Swift_Example;
			productName = COS_Example;
			productReference = 6C04A34C1D4935FD00BA0AD1 /* COR_Swift_Example.app */;
			productType = "com.apple.product-type.application";
		};
		6C04A35F1D4935FD00BA0AD1 /* COR_Swift_ExampleTests */ = {
			isa = PBXNativeTarget;
			buildConfigurationList = 6C04A3771D4935FD00BA0AD1 /* Build configuration list for PBXNativeTarget "COR_Swift_ExampleTests" */;
			buildPhases = (
				6C04A35C1D4935FD00BA0AD1 /* Sources */,
				6C04A35D1D4935FD00BA0AD1 /* Frameworks */,
				6C04A35E1D4935FD00BA0AD1 /* Resources */,
			);
			buildRules = (
			);
			dependencies = (
				6C04A3621D4935FD00BA0AD1 /* PBXTargetDependency */,
			);
			name = COR_Swift_ExampleTests;
			productName = COS_ExampleTests;
			productReference = 6C04A3601D4935FD00BA0AD1 /* COR_Swift_ExampleTests.xctest */;
			productType = "com.apple.product-type.bundle.unit-test";
		};
		6C04A36A1D4935FD00BA0AD1 /* COR_Swift_ExampleUITests */ = {
			isa = PBXNativeTarget;
			buildConfigurationList = 6C04A37A1D4935FD00BA0AD1 /* Build configuration list for PBXNativeTarget "COR_Swift_ExampleUITests" */;
			buildPhases = (
				6C04A3671D4935FD00BA0AD1 /* Sources */,
				6C04A3681D4935FD00BA0AD1 /* Frameworks */,
				6C04A3691D4935FD00BA0AD1 /* Resources */,
			);
			buildRules = (
			);
			dependencies = (
				6C04A36D1D4935FD00BA0AD1 /* PBXTargetDependency */,
			);
			name = COR_Swift_ExampleUITests;
			productName = COS_ExampleUITests;
			productReference = 6C04A36B1D4935FD00BA0AD1 /* COR_Swift_ExampleUITests.xctest */;
			productType = "com.apple.product-type.bundle.ui-testing";
		};
/* End PBXNativeTarget section */

/* Begin PBXProject section */
		6C04A3441D4935FD00BA0AD1 /* Project object */ = {
			isa = PBXProject;
			attributes = {
				LastSwiftUpdateCheck = 0730;
				LastUpgradeCheck = 0730;
				ORGANIZATIONNAME = "Tal Zion";
				TargetAttributes = {
					6C04A34B1D4935FD00BA0AD1 = {
						CreatedOnToolsVersion = 7.3.1;
						LastSwiftMigration = 0810;
					};
					6C04A35F1D4935FD00BA0AD1 = {
						CreatedOnToolsVersion = 7.3.1;
						LastSwiftMigration = 0810;
						TestTargetID = 6C04A34B1D4935FD00BA0AD1;
					};
					6C04A36A1D4935FD00BA0AD1 = {
						CreatedOnToolsVersion = 7.3.1;
						LastSwiftMigration = 0810;
						TestTargetID = 6C04A34B1D4935FD00BA0AD1;
					};
				};
			};
			buildConfigurationList = 6C04A3471D4935FD00BA0AD1 /* Build configuration list for PBXProject "COR_Swift_Example" */;
			compatibilityVersion = "Xcode 3.2";
			developmentRegion = English;
			hasScannedForEncodings = 0;
			knownRegions = (
				en,
				Base,
			);
			mainGroup = 6C04A3431D4935FD00BA0AD1;
			productRefGroup = 6C04A34D1D4935FD00BA0AD1 /* Products */;
			projectDirPath = "";
			projectRoot = "";
			targets = (
				6C04A34B1D4935FD00BA0AD1 /* COR_Swift_Example */,
				6C04A35F1D4935FD00BA0AD1 /* COR_Swift_ExampleTests */,
				6C04A36A1D4935FD00BA0AD1 /* COR_Swift_ExampleUITests */,
			);
		};
/* End PBXProject section */

/* Begin PBXResourcesBuildPhase section */
		6C04A34A1D4935FD00BA0AD1 /* Resources */ = {
			isa = PBXResourcesBuildPhase;
			buildActionMask = 2147483647;
			files = (
				6C04A35A1D4935FD00BA0AD1 /* LaunchScreen.storyboard in Resources */,
				6C04A3571D4935FD00BA0AD1 /* Assets.xcassets in Resources */,
				6C04A3551D4935FD00BA0AD1 /* Main.storyboard in Resources */,
			);
			runOnlyForDeploymentPostprocessing = 0;
		};
		6C04A35E1D4935FD00BA0AD1 /* Resources */ = {
			isa = PBXResourcesBuildPhase;
			buildActionMask = 2147483647;
			files = (
			);
			runOnlyForDeploymentPostprocessing = 0;
		};
		6C04A3691D4935FD00BA0AD1 /* Resources */ = {
			isa = PBXResourcesBuildPhase;
			buildActionMask = 2147483647;
			files = (
			);
			runOnlyForDeploymentPostprocessing = 0;
		};
/* End PBXResourcesBuildPhase section */

/* Begin PBXSourcesBuildPhase section */
		6C04A3481D4935FD00BA0AD1 /* Sources */ = {
			isa = PBXSourcesBuildPhase;
			buildActionMask = 2147483647;
			files = (
				6CC447901E0FFD050035F03F /* HandlerType.swift in Sources */,
				6C04A3521D4935FD00BA0AD1 /* ViewController.swift in Sources */,
				6C04A3501D4935FD00BA0AD1 /* AppDelegate.swift in Sources */,
				6CC4478C1E0FFCB80035F03F /* ChainHandler.swift in Sources */,
				6CC447951E0FFDAC0035F03F /* HandlerObjectTwo.swift in Sources */,
				6CC4478E1E0FFCF30035F03F /* ChainProtocols.swift in Sources */,
				6CC447931E0FFD710035F03F /* ObjectHandler.swift in Sources */,
			);
			runOnlyForDeploymentPostprocessing = 0;
		};
		6C04A35C1D4935FD00BA0AD1 /* Sources */ = {
			isa = PBXSourcesBuildPhase;
			buildActionMask = 2147483647;
			files = (
				6C04A3651D4935FD00BA0AD1 /* COS_ExampleTests.swift in Sources */,
			);
			runOnlyForDeploymentPostprocessing = 0;
		};
		6C04A3671D4935FD00BA0AD1 /* Sources */ = {
			isa = PBXSourcesBuildPhase;
			buildActionMask = 2147483647;
			files = (
				6C04A3701D4935FD00BA0AD1 /* COS_ExampleUITests.swift in Sources */,
			);
			runOnlyForDeploymentPostprocessing = 0;
		};
/* End PBXSourcesBuildPhase section */

/* Begin PBXTargetDependency section */
		6C04A3621D4935FD00BA0AD1 /* PBXTargetDependency */ = {
			isa = PBXTargetDependency;
			target = 6C04A34B1D4935FD00BA0AD1 /* COR_Swift_Example */;
			targetProxy = 6C04A3611D4935FD00BA0AD1 /* PBXContainerItemProxy */;
		};
		6C04A36D1D4935FD00BA0AD1 /* PBXTargetDependency */ = {
			isa = PBXTargetDependency;
			target = 6C04A34B1D4935FD00BA0AD1 /* COR_Swift_Example */;
			targetProxy = 6C04A36C1D4935FD00BA0AD1 /* PBXContainerItemProxy */;
		};
/* End PBXTargetDependency section */

/* Begin PBXVariantGroup section */
		6C04A3531D4935FD00BA0AD1 /* Main.storyboard */ = {
			isa = PBXVariantGroup;
			children = (
				6C04A3541D4935FD00BA0AD1 /* Base */,
			);
			name = Main.storyboard;
			sourceTree = "<group>";
		};
		6C04A3581D4935FD00BA0AD1 /* LaunchScreen.storyboard */ = {
			isa = PBXVariantGroup;
			children = (
				6C04A3591D4935FD00BA0AD1 /* Base */,
			);
			name = LaunchScreen.storyboard;
			sourceTree = "<group>";
		};
/* End PBXVariantGroup section */

/* Begin XCBuildConfiguration section */
		6C04A3721D4935FD00BA0AD1 /* Debug */ = {
			isa = XCBuildConfiguration;
			buildSettings = {
				ALWAYS_SEARCH_USER_PATHS = NO;
				CLANG_ANALYZER_NONNULL = YES;
				CLANG_CXX_LANGUAGE_STANDARD = "gnu++0x";
				CLANG_CXX_LIBRARY = "libc++";
				CLANG_ENABLE_MODULES = YES;
				CLANG_ENABLE_OBJC_ARC = YES;
				CLANG_WARN_BOOL_CONVERSION = YES;
				CLANG_WARN_CONSTANT_CONVERSION = YES;
				CLANG_WARN_DIRECT_OBJC_ISA_USAGE = YES_ERROR;
				CLANG_WARN_EMPTY_BODY = YES;
				CLANG_WARN_ENUM_CONVERSION = YES;
				CLANG_WARN_INT_CONVERSION = YES;
				CLANG_WARN_OBJC_ROOT_CLASS = YES_ERROR;
				CLANG_WARN_UNREACHABLE_CODE = YES;
				CLANG_WARN__DUPLICATE_METHOD_MATCH = YES;
				"CODE_SIGN_IDENTITY[sdk=iphoneos*]" = "iPhone Developer";
				COPY_PHASE_STRIP = NO;
				DEBUG_INFORMATION_FORMAT = dwarf;
				ENABLE_STRICT_OBJC_MSGSEND = YES;
				ENABLE_TESTABILITY = YES;
				GCC_C_LANGUAGE_STANDARD = gnu99;
				GCC_DYNAMIC_NO_PIC = NO;
				GCC_NO_COMMON_BLOCKS = YES;
				GCC_OPTIMIZATION_LEVEL = 0;
				GCC_PREPROCESSOR_DEFINITIONS = (
					"DEBUG=1",
					"$(inherited)",
				);
				GCC_WARN_64_TO_32_BIT_CONVERSION = YES;
				GCC_WARN_ABOUT_RETURN_TYPE = YES_ERROR;
				GCC_WARN_UNDECLARED_SELECTOR = YES;
				GCC_WARN_UNINITIALIZED_AUTOS = YES_AGGRESSIVE;
				GCC_WARN_UNUSED_FUNCTION = YES;
				GCC_WARN_UNUSED_VARIABLE = YES;
				IPHONEOS_DEPLOYMENT_TARGET = 9.3;
				MTL_ENABLE_DEBUG_INFO = YES;
				ONLY_ACTIVE_ARCH = YES;
				SDKROOT = iphoneos;
				SWIFT_OPTIMIZATION_LEVEL = "-Onone";
				TARGETED_DEVICE_FAMILY = "1,2";
			};
			name = Debug;
		};
		6C04A3731D4935FD00BA0AD1 /* Release */ = {
			isa = XCBuildConfiguration;
			buildSettings = {
				ALWAYS_SEARCH_USER_PATHS = NO;
				CLANG_ANALYZER_NONNULL = YES;
				CLANG_CXX_LANGUAGE_STANDARD = "gnu++0x";
				CLANG_CXX_LIBRARY = "libc++";
				CLANG_ENABLE_MODULES = YES;
				CLANG_ENABLE_OBJC_ARC = YES;
				CLANG_WARN_BOOL_CONVERSION = YES;
				CLANG_WARN_CONSTANT_CONVERSION = YES;
				CLANG_WARN_DIRECT_OBJC_ISA_USAGE = YES_ERROR;
				CLANG_WARN_EMPTY_BODY = YES;
				CLANG_WARN_ENUM_CONVERSION = YES;
				CLANG_WARN_INT_CONVERSION = YES;
				CLANG_WARN_OBJC_ROOT_CLASS = YES_ERROR;
				CLANG_WARN_UNREACHABLE_CODE = YES;
				CLANG_WARN__DUPLICATE_METHOD_MATCH = YES;
				"CODE_SIGN_IDENTITY[sdk=iphoneos*]" = "iPhone Developer";
				COPY_PHASE_STRIP = NO;
				DEBUG_INFORMATION_FORMAT = "dwarf-with-dsym";
				ENABLE_NS_ASSERTIONS = NO;
				ENABLE_STRICT_OBJC_MSGSEND = YES;
				GCC_C_LANGUAGE_STANDARD = gnu99;
				GCC_NO_COMMON_BLOCKS = YES;
				GCC_WARN_64_TO_32_BIT_CONVERSION = YES;
				GCC_WARN_ABOUT_RETURN_TYPE = YES_ERROR;
				GCC_WARN_UNDECLARED_SELECTOR = YES;
				GCC_WARN_UNINITIALIZED_AUTOS = YES_AGGRESSIVE;
				GCC_WARN_UNUSED_FUNCTION = YES;
				GCC_WARN_UNUSED_VARIABLE = YES;
				IPHONEOS_DEPLOYMENT_TARGET = 9.3;
				MTL_ENABLE_DEBUG_INFO = NO;
				SDKROOT = iphoneos;
				TARGETED_DEVICE_FAMILY = "1,2";
				VALIDATE_PRODUCT = YES;
			};
			name = Release;
		};
		6C04A3751D4935FD00BA0AD1 /* Debug */ = {
			isa = XCBuildConfiguration;
			buildSettings = {
				ASSETCATALOG_COMPILER_APPICON_NAME = AppIcon;
				INFOPLIST_FILE = COS_Example/Info.plist;
				LD_RUNPATH_SEARCH_PATHS = "$(inherited) @executable_path/Frameworks";
				PRODUCT_BUNDLE_IDENTIFIER = "com.idz.COR-Example";
				PRODUCT_NAME = "$(TARGET_NAME)";
				SWIFT_VERSION = 3.0;
			};
			name = Debug;
		};
		6C04A3761D4935FD00BA0AD1 /* Release */ = {
			isa = XCBuildConfiguration;
			buildSettings = {
				ASSETCATALOG_COMPILER_APPICON_NAME = AppIcon;
				INFOPLIST_FILE = COS_Example/Info.plist;
				LD_RUNPATH_SEARCH_PATHS = "$(inherited) @executable_path/Frameworks";
				PRODUCT_BUNDLE_IDENTIFIER = "com.idz.COR-Example";
				PRODUCT_NAME = "$(TARGET_NAME)";
				SWIFT_VERSION = 3.0;
			};
			name = Release;
		};
		6C04A3781D4935FD00BA0AD1 /* Debug */ = {
			isa = XCBuildConfiguration;
			buildSettings = {
				BUNDLE_LOADER = "$(TEST_HOST)";
				INFOPLIST_FILE = COS_ExampleTests/Info.plist;
				LD_RUNPATH_SEARCH_PATHS = "$(inherited) @executable_path/Frameworks @loader_path/Frameworks";
				PRODUCT_BUNDLE_IDENTIFIER = "com.idz.COS-ExampleTests";
				PRODUCT_NAME = "$(TARGET_NAME)";
				SWIFT_VERSION = 3.0;
				TEST_HOST = "$(BUILT_PRODUCTS_DIR)/COR_Swift_Example.app/COR_Swift_Example";
			};
			name = Debug;
		};
		6C04A3791D4935FD00BA0AD1 /* Release */ = {
			isa = XCBuildConfiguration;
			buildSettings = {
				BUNDLE_LOADER = "$(TEST_HOST)";
				INFOPLIST_FILE = COS_ExampleTests/Info.plist;
				LD_RUNPATH_SEARCH_PATHS = "$(inherited) @executable_path/Frameworks @loader_path/Frameworks";
				PRODUCT_BUNDLE_IDENTIFIER = "com.idz.COS-ExampleTests";
				PRODUCT_NAME = "$(TARGET_NAME)";
				SWIFT_VERSION = 3.0;
				TEST_HOST = "$(BUILT_PRODUCTS_DIR)/COR_Swift_Example.app/COR_Swift_Example";
			};
			name = Release;
		};
		6C04A37B1D4935FD00BA0AD1 /* Debug */ = {
			isa = XCBuildConfiguration;
			buildSettings = {
				INFOPLIST_FILE = COS_ExampleUITests/Info.plist;
				LD_RUNPATH_SEARCH_PATHS = "$(inherited) @executable_path/Frameworks @loader_path/Frameworks";
				PRODUCT_BUNDLE_IDENTIFIER = "com.idz.COS-ExampleUITests";
				PRODUCT_NAME = "$(TARGET_NAME)";
				SWIFT_VERSION = 3.0;
				TEST_TARGET_NAME = COS_Example;
			};
			name = Debug;
		};
		6C04A37C1D4935FD00BA0AD1 /* Release */ = {
			isa = XCBuildConfiguration;
			buildSettings = {
				INFOPLIST_FILE = COS_ExampleUITests/Info.plist;
				LD_RUNPATH_SEARCH_PATHS = "$(inherited) @executable_path/Frameworks @loader_path/Frameworks";
				PRODUCT_BUNDLE_IDENTIFIER = "com.idz.COS-ExampleUITests";
				PRODUCT_NAME = "$(TARGET_NAME)";
				SWIFT_VERSION = 3.0;
				TEST_TARGET_NAME = COS_Example;
			};
			name = Release;
		};
/* End XCBuildConfiguration section */

/* Begin XCConfigurationList section */
		6C04A3471D4935FD00BA0AD1 /* Build configuration list for PBXProject "COR_Swift_Example" */ = {
			isa = XCConfigurationList;
			buildConfigurations = (
				6C04A3721D4935FD00BA0AD1 /* Debug */,
				6C04A3731D4935FD00BA0AD1 /* Release */,
			);
			defaultConfigurationIsVisible = 0;
			defaultConfigurationName = Release;
		};
		6C04A3741D4935FD00BA0AD1 /* Build configuration list for PBXNativeTarget "COR_Swift_Example" */ = {
			isa = XCConfigurationList;
			buildConfigurations = (
				6C04A3751D4935FD00BA0AD1 /* Debug */,
				6C04A3761D4935FD00BA0AD1 /* Release */,
			);
			defaultConfigurationIsVisible = 0;
			defaultConfigurationName = Release;
		};
		6C04A3771D4935FD00BA0AD1 /* Build configuration list for PBXNativeTarget "COR_Swift_ExampleTests" */ = {
			isa = XCConfigurationList;
			buildConfigurations = (
				6C04A3781D4935FD00BA0AD1 /* Debug */,
				6C04A3791D4935FD00BA0AD1 /* Release */,
			);
			defaultConfigurationIsVisible = 0;
			defaultConfigurationName = Release;
		};
		6C04A37A1D4935FD00BA0AD1 /* Build configuration list for PBXNativeTarget "COR_Swift_ExampleUITests" */ = {
			isa = XCConfigurationList;
			buildConfigurations = (
				6C04A37B1D4935FD00BA0AD1 /* Debug */,
				6C04A37C1D4935FD00BA0AD1 /* Release */,
			);
			defaultConfigurationIsVisible = 0;
			defaultConfigurationName = Release;
		};
/* End XCConfigurationList section */
	};
	rootObject = 6C04A3441D4935FD00BA0AD1 /* Project object */;
}
